
Microsoft Visual Studio Solution File, Format Version 12.00
# Visual Studio Version 17
VisualStudioVersion = 17.14.36811.4 d17.14
MinimumVisualStudioVersion = 10.0.40219.1
Project("{FAE04EC0-301F-11D3-BF4B-00C04F79EFBC}") = "Quaderberechnung", "Quaderberechnung\Quaderberechnung.csproj", "{579AD704-408B-4F07-9B69-D1EB80E2C88E}"
EndProject
Global
	GlobalSection(SolutionConfigurationPlatforms) = preSolution
		Debug|Any CPU = Debug|Any CPU
		Release|Any CPU = Release|Any CPU
	EndGlobalSection
	GlobalSection(ProjectConfigurationPlatforms) = postSolution
		{579AD704-408B-4F07-9B69-D1EB80E2C88E}.Debug|Any CPU.ActiveCfg = Debug|Any CPU
		{579AD704-408B-4F07-9B69-D1EB80E2C88E}.Debug|Any CPU.Build.0 = Debug|Any CPU
		{579AD704-408B-4F07-9B69-D1EB80E2C88E}.Release|Any CPU.ActiveCfg = Release|Any CPU
		{579AD704-408B-4F07-9B69-D1EB80E2C88E}.Release|Any CPU.Build.0 = Release|Any CPU
	EndGlobalSection
	GlobalSection(SolutionProperties) = preSolution
		HideSolutionNode = FALSE
	EndGlobalSection
	GlobalSection(ExtensibilityGlobals) = postSolution
		SolutionGuid = {47EC64C9-AFB9-4876-813C-605A4536FD0D}
	EndGlobalSection
EndGlobal
